
Microsoft Visual Studio Solution File, Format Version 12.00
# Visual Studio Version 17
VisualStudioVersion = 17.10.35201.131
MinimumVisualStudioVersion = 10.0.40219.1
Project("{2150E333-8FDC-42A3-9474-1A3956D46DE8}") = "src", "src", "{5CF60BAE-189D-4D8E-A7DA-6865E1A0C4B3}"
	ProjectSection(SolutionItems) = preProject
		ToDoList.txt = ToDoList.txt
	EndProjectSection
EndProject
Project("{FAE04EC0-301F-11D3-BF4B-00C04F79EFBC}") = "Domain", "src\Domain\Domain.csproj", "{E5FE2975-2889-40BD-8257-4889CE2E43A7}"
EndProject
Project("{FAE04EC0-301F-11D3-BF4B-00C04F79EFBC}") = "Application", "src\Application\Application.csproj", "{A341C692-BF56-417B-9DF0-6F71B854F44E}"
EndProject
Project("{FAE04EC0-301F-11D3-BF4B-00C04F79EFBC}") = "Infrastructure", "src\Infrastructure\Infrastructure.csproj", "{5A981985-2843-4B68-A7F5-4A2ED78C5A46}"
EndProject
Project("{FAE04EC0-301F-11D3-BF4B-00C04F79EFBC}") = "WebAPI", "src\WebAPI\WebAPI.csproj", "{1375E792-F34D-475A-99F7-1C841130437B}"
EndProject
Project("{FAE04EC0-301F-11D3-BF4B-00C04F79EFBC}") = "Test", "src\Test\Test.csproj", "{4B60826D-B5C9-4FFF-9FDE-3B976009F26F}"
EndProject
Global
	GlobalSection(SolutionConfigurationPlatforms) = preSolution
		Debug|Any CPU = Debug|Any CPU
		Release|Any CPU = Release|Any CPU
	EndGlobalSection
	GlobalSection(ProjectConfigurationPlatforms) = postSolution
		{E5FE2975-2889-40BD-8257-4889CE2E43A7}.Debug|Any CPU.ActiveCfg = Debug|Any CPU
		{E5FE2975-2889-40BD-8257-4889CE2E43A7}.Debug|Any CPU.Build.0 = Debug|Any CPU
		{E5FE2975-2889-40BD-8257-4889CE2E43A7}.Release|Any CPU.ActiveCfg = Release|Any CPU
		{E5FE2975-2889-40BD-8257-4889CE2E43A7}.Release|Any CPU.Build.0 = Release|Any CPU
		{A341C692-BF56-417B-9DF0-6F71B854F44E}.Debug|Any CPU.ActiveCfg = Debug|Any CPU
		{A341C692-BF56-417B-9DF0-6F71B854F44E}.Debug|Any CPU.Build.0 = Debug|Any CPU
		{A341C692-BF56-417B-9DF0-6F71B854F44E}.Release|Any CPU.ActiveCfg = Release|Any CPU
		{A341C692-BF56-417B-9DF0-6F71B854F44E}.Release|Any CPU.Build.0 = Release|Any CPU
		{5A981985-2843-4B68-A7F5-4A2ED78C5A46}.Debug|Any CPU.ActiveCfg = Debug|Any CPU
		{5A981985-2843-4B68-A7F5-4A2ED78C5A46}.Debug|Any CPU.Build.0 = Debug|Any CPU
		{5A981985-2843-4B68-A7F5-4A2ED78C5A46}.Release|Any CPU.ActiveCfg = Release|Any CPU
		{5A981985-2843-4B68-A7F5-4A2ED78C5A46}.Release|Any CPU.Build.0 = Release|Any CPU
		{1375E792-F34D-475A-99F7-1C841130437B}.Debug|Any CPU.ActiveCfg = Debug|Any CPU
		{1375E792-F34D-475A-99F7-1C841130437B}.Debug|Any CPU.Build.0 = Debug|Any CPU
		{1375E792-F34D-475A-99F7-1C841130437B}.Release|Any CPU.ActiveCfg = Release|Any CPU
		{1375E792-F34D-475A-99F7-1C841130437B}.Release|Any CPU.Build.0 = Release|Any CPU
		{4B60826D-B5C9-4FFF-9FDE-3B976009F26F}.Debug|Any CPU.ActiveCfg = Debug|Any CPU
		{4B60826D-B5C9-4FFF-9FDE-3B976009F26F}.Debug|Any CPU.Build.0 = Debug|Any CPU
		{4B60826D-B5C9-4FFF-9FDE-3B976009F26F}.Release|Any CPU.ActiveCfg = Release|Any CPU
		{4B60826D-B5C9-4FFF-9FDE-3B976009F26F}.Release|Any CPU.Build.0 = Release|Any CPU
	EndGlobalSection
	GlobalSection(SolutionProperties) = preSolution
		HideSolutionNode = FALSE
	EndGlobalSection
	GlobalSection(NestedProjects) = preSolution
		{E5FE2975-2889-40BD-8257-4889CE2E43A7} = {5CF60BAE-189D-4D8E-A7DA-6865E1A0C4B3}
		{A341C692-BF56-417B-9DF0-6F71B854F44E} = {5CF60BAE-189D-4D8E-A7DA-6865E1A0C4B3}
		{5A981985-2843-4B68-A7F5-4A2ED78C5A46} = {5CF60BAE-189D-4D8E-A7DA-6865E1A0C4B3}
		{1375E792-F34D-475A-99F7-1C841130437B} = {5CF60BAE-189D-4D8E-A7DA-6865E1A0C4B3}
		{4B60826D-B5C9-4FFF-9FDE-3B976009F26F} = {5CF60BAE-189D-4D8E-A7DA-6865E1A0C4B3}
	EndGlobalSection
	GlobalSection(ExtensibilityGlobals) = postSolution
		SolutionGuid = {EE4730A6-1956-4B51-BC83-DDEB2E0778A1}
	EndGlobalSection
EndGlobal
